
Microsoft Visual Studio Solution File, Format Version 12.00
# Visual Studio Version 17
VisualStudioVersion = 17.2.32616.157
MinimumVisualStudioVersion = 10.0.40219.1
Project("{FAE04EC0-301F-11D3-BF4B-00C04F79EFBC}") = "PrimeiroAplicativo02", "PrimeiroAplicativo02\PrimeiroAplicativo02.csproj", "{1DA976D9-CFAA-4BD9-B24D-54232E008449}"
EndProject
Global
	GlobalSection(SolutionConfigurationPlatforms) = preSolution
		Debug|Any CPU = Debug|Any CPU
		Release|Any CPU = Release|Any CPU
	EndGlobalSection
	GlobalSection(ProjectConfigurationPlatforms) = postSolution
		{1DA976D9-CFAA-4BD9-B24D-54232E008449}.Debug|Any CPU.ActiveCfg = Debug|Any CPU
		{1DA976D9-CFAA-4BD9-B24D-54232E008449}.Debug|Any CPU.Build.0 = Debug|Any CPU
		{1DA976D9-CFAA-4BD9-B24D-54232E008449}.Release|Any CPU.ActiveCfg = Release|Any CPU
		{1DA976D9-CFAA-4BD9-B24D-54232E008449}.Release|Any CPU.Build.0 = Release|Any CPU
	EndGlobalSection
	GlobalSection(SolutionProperties) = preSolution
		HideSolutionNode = FALSE
	EndGlobalSection
	GlobalSection(ExtensibilityGlobals) = postSolution
		SolutionGuid = {02795067-8F40-40C2-8FCA-59755B331B6F}
	EndGlobalSection
EndGlobal
